# THIS IS AN AUTOGENERATED FILE. DO NOT EDIT THIS FILE DIRECTLY.
# yarn lockfile v1


"@hotwired/stimulus@>= 3.0", "@hotwired/stimulus@^3.0.1":
  version "3.0.1"
  resolved "https://registry.yarnpkg.com/@hotwired/stimulus/-/stimulus-3.0.1.tgz#141f15645acaa3b133b7c247cad58ae252ffae85"
  integrity sha512-oHsJhgY2cip+K2ED7vKUNd2P+BEswVhrCYcJ802DSsblJFv7mPFVk3cQKvm2vHgHeDVdnj7oOKrBbzp1u8D+KA==

"@hotwired/turbo@^7.1.0":
  version "7.1.0"
  resolved "https://registry.yarnpkg.com/@hotwired/turbo/-/turbo-7.1.0.tgz#27e44e0e3dc5bd1d4bda0766d579cf5a14091cd7"
  integrity sha512-Q8kGjqwPqER+CtpQudbH+3Zgs2X4zb6pBAlr6NsKTXadg45pAOvxI9i4QpuHbwSzR2+x87HUm+rot9F/Pe8rxA==

"@rails/actioncable@7.0.2-3":
  version "7.0.2-3"
  resolved "https://registry.yarnpkg.com/@rails/actioncable/-/actioncable-7.0.2-3.tgz#d083480b8fb9edf4e525c2626e3db2599258da31"
  integrity sha512-7F2o7oTsinv2qHY/13RFJbQAtCNj94sxKqfEFBOQlMv6QvB+qsHjhuViaY5pvvUK/Eel2hdtHq5fFIgSM2IRLw==

"@rails/actioncable@>= 6.0":
  version "6.0.5"
  resolved "https://registry.yarnpkg.com/@rails/actioncable/-/actioncable-6.0.5.tgz#a889f25b0c13ea0215d747e32fa3d1a52967f17b"
  integrity sha512-79sIsTpIoHnJ6pRHKaC6h5NMRpY+VZD4mqOKN/035X1ehxHgToDWvgMZ4jV5y1qeObg4enmNESmgeKoImYGzOw==

anymatch@~3.1.2:
  version "3.1.2"
  resolved "https://registry.yarnpkg.com/anymatch/-/anymatch-3.1.2.tgz#c0557c096af32f106198f4f4e2a383537e378716"
  integrity sha512-P43ePfOAIupkguHUycrc4qJ9kz8ZiuOUijaETwX7THt0Y/GNK7v0aa8rY816xWjZ7rJdA5XdMcpVFTKMq+RvWg==
  dependencies:
    normalize-path "^3.0.0"
    picomatch "^2.0.4"

balanced-match@^1.0.0:
  version "1.0.2"
  resolved "https://registry.yarnpkg.com/balanced-match/-/balanced-match-1.0.2.tgz#e83e3a7e3f300b34cb9d87f615fa0cbf357690ee"
  integrity sha512-3oSeUO0TMV67hN1AmbXsK4yaqU7tjiHlbxRDZOpH0KW9+CeX4bRAaX0Anxt0tx2MrpRpWwQaPwIlISEJhYU5Pw==

binary-extensions@^2.0.0:
  version "2.2.0"
  resolved "https://registry.yarnpkg.com/binary-extensions/-/binary-extensions-2.2.0.tgz#75f502eeaf9ffde42fc98829645be4ea76bd9e2d"
  integrity sha512-jDctJ/IVQbZoJykoeHbhXpOlNBqGNcwXJKJog42E5HDPUwQTSdjCHdihjj0DlnheQ7blbT6dHOafNAiS8ooQKA==

brace-expansion@^1.1.7:
  version "1.1.11"
  resolved "https://registry.yarnpkg.com/brace-expansion/-/brace-expansion-1.1.11.tgz#3c7fcbf529d87226f3d2f52b966ff5271eb441dd"
  integrity sha512-iCuPHDFgrHX7H2vEI/5xpz07zSHB00TpugqhmYtVmMO6518mCuRMoOYFldEBl0g187ufozdaHgWKcYFb61qGiA==
  dependencies:
    balanced-match "^1.0.0"
    concat-map "0.0.1"

braces@~3.0.2:
  version "3.0.2"
  resolved "https://registry.yarnpkg.com/braces/-/braces-3.0.2.tgz#3454e1a462ee8d599e236df336cd9ea4f8afe107"
  integrity sha512-b8um+L1RzM3WDSzvhm6gIz1yfTbBt6YTlcEKAvsmqCZZFw46z626lVj9j1yEPW33H5H+lBQpZMP1k8l+78Ha0A==
  dependencies:
    fill-range "^7.0.1"

"cable_ready@>= 5.0.0-pre9", "cable_ready@https://github.com/cableready/dev-builds/archive/refs/tags/cable_ready/ebc9c3d.tar.gz":
  version "5.0.0-pre9"
  resolved "https://github.com/cableready/dev-builds/archive/refs/tags/cable_ready/ebc9c3d.tar.gz#857b7a9c4dd6722bee9a272860b070d867cdc396"
  dependencies:
    morphdom "^2.6.1"

chokidar@^3.5.3:
  version "3.5.3"
  resolved "https://registry.yarnpkg.com/chokidar/-/chokidar-3.5.3.tgz#1cf37c8707b932bd1af1ae22c0432e2acd1903bd"
  integrity sha512-Dr3sfKRP6oTcjf2JmUmFJfeVMvXBdegxB0iVQ5eb2V10uFJUCAS8OByZdVAyVb8xXNz3GjjTgj9kLWsZTqE6kw==
  dependencies:
    anymatch "~3.1.2"
    braces "~3.0.2"
    glob-parent "~5.1.2"
    is-binary-path "~2.1.0"
    is-glob "~4.0.1"
    normalize-path "~3.0.0"
    readdirp "~3.6.0"
  optionalDependencies:
    fsevents "~2.3.2"

concat-map@0.0.1:
  version "0.0.1"
  resolved "https://registry.yarnpkg.com/concat-map/-/concat-map-0.0.1.tgz#d8a96bd77fd68df7793a73036a3ba0d5405d477b"
  integrity sha512-/Srv4dswyQNBfohGpz9o6Yb3Gz3SrUDqBH5rTuhGR7ahtlbYKnVxw2bCFMRljaA7EXHaXZ8wsHdodFvbkhKmqg==

esbuild-android-64@0.14.45:
  version "0.14.45"
  resolved "https://registry.yarnpkg.com/esbuild-android-64/-/esbuild-android-64-0.14.45.tgz#696f078d97a1350ceea5db626b3bc4a60fc13555"
  integrity sha512-krVmwL2uXQN1A+Ci4u2MR+Y0IAvQK0u3no5TsgguHVhTy138szjuohScCGjkpvLCpGLk7P4kFP1LKuntvJ0d4A==

esbuild-android-arm64@0.14.45:
  version "0.14.45"
  resolved "https://registry.yarnpkg.com/esbuild-android-arm64/-/esbuild-android-arm64-0.14.45.tgz#d229da8040cea4a0041756d1abcea375b4e3f9db"
  integrity sha512-62POGdzAjM+XOXEM5MmFW6k9Pjdjg1hTrXKKBbPE700LFF36B+1Jv9QkskT5UadbTk4cdH9BQ7bGiRPYY0p/Dw==

esbuild-darwin-64@0.14.45:
  version "0.14.45"
  resolved "https://registry.yarnpkg.com/esbuild-darwin-64/-/esbuild-darwin-64-0.14.45.tgz#d7d38d91e4c03890d58c297131e9b82895a37a6a"
  integrity sha512-dbkVUAnGx5IeZesWnIhnvxy7dSvgUQvfy0TVLzd9XVP3oI/VsKs8UNsfPrxI5HiN4SINv7oPAbxWceMpB7IqNA==

esbuild-darwin-arm64@0.14.45:
  version "0.14.45"
  resolved "https://registry.yarnpkg.com/esbuild-darwin-arm64/-/esbuild-darwin-arm64-0.14.45.tgz#d4df2871b94351d7d5561e41f91aadba46857838"
  integrity sha512-O6Bz7nnOae5rvbh2Ueo8ibSr7+/eLjsbPdgeMsAZri+LkOa7nsVPnhmocpO3Hy/LWfagTtHy1O9HRPIaArPmTg==

esbuild-freebsd-64@0.14.45:
  version "0.14.45"
  resolved "https://registry.yarnpkg.com/esbuild-freebsd-64/-/esbuild-freebsd-64-0.14.45.tgz#e90106a2db3f5b0771392d3f9d8801b3138825c6"
  integrity sha512-y1X2nr3XSWnDC7MRcy21EVAT0TiCtdefOntJ+SQcZnPBTURzX77f99S8lDF2KswukChkiacpd2Wd4VZieo7w7Q==

esbuild-freebsd-arm64@0.14.45:
  version "0.14.45"
  resolved "https://registry.yarnpkg.com/esbuild-freebsd-arm64/-/esbuild-freebsd-arm64-0.14.45.tgz#e734c8ae8042cd9224406d45d6992261382bcbde"
  integrity sha512-r3ZNejkx1BKXQ6sYOP6C5rTwgiUajyAh03wygLWZtl+SLyygvAnu+OouqtveesufjBDgujp4wZXP/n8PVqXkqg==

esbuild-linux-32@0.14.45:
  version "0.14.45"
  resolved "https://registry.yarnpkg.com/esbuild-linux-32/-/esbuild-linux-32-0.14.45.tgz#0f814a784c941bfd5a5dca7ff742b57744c5324b"
  integrity sha512-Qk9cCO3PJig/Y+SdslN/Th4pbAjgaH9oUjVH28eMsLTPf6QDUuK6EED91jepJdR3vxhcnVjyl6JqtOWmP+uxCg==

esbuild-linux-64@0.14.45:
  version "0.14.45"
  resolved "https://registry.yarnpkg.com/esbuild-linux-64/-/esbuild-linux-64-0.14.45.tgz#2028a6dfb3fea7a5dd5e87cf00d02a36a3373e3c"
  integrity sha512-IybO2ugqvc/Zzn1Kih3x0FVjYAy3GTCwhtcp91dbdqk3wPqxYCzObYspa8ca0s+OovI0Cnb+rhXrUtq8gBqlqw==

esbuild-linux-arm64@0.14.45:
  version "0.14.45"
  resolved "https://registry.yarnpkg.com/esbuild-linux-arm64/-/esbuild-linux-arm64-0.14.45.tgz#6fef4165583215918d45150148ac0a18d5ef6323"
  integrity sha512-UNEyuHTwztrkEU/+mWIxGzKrYBo2cEtjYAZQVZB1kliANKgRITktg2miaO/b/VtNe84ob1aXSvW8XOPEn5RTGQ==

esbuild-linux-arm@0.14.45:
  version "0.14.45"
  resolved "https://registry.yarnpkg.com/esbuild-linux-arm/-/esbuild-linux-arm-0.14.45.tgz#e454f701ae5371322c8265f4356e098611e51f96"
  integrity sha512-qKWJ4A4TAcxXV2TBLPw3Av5X2SYNfyNnBHNJTQJ5VuevK6Aq5i6XEMvUgdlcVuZ9MYPfS5aJZWglzDzJMf1Lpw==

esbuild-linux-mips64le@0.14.45:
  version "0.14.45"
  resolved "https://registry.yarnpkg.com/esbuild-linux-mips64le/-/esbuild-linux-mips64le-0.14.45.tgz#093cc86be71f9b0cd2876da23ee2f5d35b09a247"
  integrity sha512-s/jcfw3Vpku5dIVSFVY7idJsGdIpIJ88IrkyprVgCG2yBeXatb67B7yIt0E1tL+OHrJJdNBw6GikCiMPAAu1VA==

esbuild-linux-ppc64le@0.14.45:
  version "0.14.45"
  resolved "https://registry.yarnpkg.com/esbuild-linux-ppc64le/-/esbuild-linux-ppc64le-0.14.45.tgz#8bddbf67157027e917b6e5b04230d7cf14d62cf2"
  integrity sha512-lJItl6ESZnhSx951U9R7MTBopgwIELHlQzC6SBR023V5JC1rPRFDZ/UEBsV+7BFcCAfqlyb+odGEAmcBSf4XCA==

esbuild-linux-riscv64@0.14.45:
  version "0.14.45"
  resolved "https://registry.yarnpkg.com/esbuild-linux-riscv64/-/esbuild-linux-riscv64-0.14.45.tgz#0f234f63595159cfc976fd5310e7902e8b5a7ad7"
  integrity sha512-8anMu+QLl9MununVCGJN2I/JvUWPm1EVsBBLq/J+Nz4hr8t6QOCuEp0HRaeMohyl2XiMFBchVu0mwa05rF7GFQ==

esbuild-linux-s390x@0.14.45:
  version "0.14.45"
  resolved "https://registry.yarnpkg.com/esbuild-linux-s390x/-/esbuild-linux-s390x-0.14.45.tgz#272288e0f30e4fa0f01d6df6572602c7df78c256"
  integrity sha512-1TPeNvNCoahMw745KNTA6POKaFfSqQrBb3fdOL82GXZqyKU/6rHNwGP0NgHe88bAUMp3QZfjGfCGKxfBHL77RQ==

esbuild-netbsd-64@0.14.45:
  version "0.14.45"
  resolved "https://registry.yarnpkg.com/esbuild-netbsd-64/-/esbuild-netbsd-64-0.14.45.tgz#0f9af25773e025cd1ca5e22277661cb15d36b406"
  integrity sha512-55f2eZ8EQhhOZosqX0mApgRoI9PrVyXlHd9Uivk+B0B4WTKUgzkoHaVk4EkIUtNRQTpDWPciTlpb/C2tUYVejA==

esbuild-openbsd-64@0.14.45:
  version "0.14.45"
  resolved "https://registry.yarnpkg.com/esbuild-openbsd-64/-/esbuild-openbsd-64-0.14.45.tgz#6d47a564eb4b80d9e3aeb4493918b36d17440228"
  integrity sha512-Z5sNcT3oN9eryMW3mGn5HAgg7XCxiUS4isqH1tZXpsdOdOESbgbTEP0mBEJU0WU7Vt2gIN5XMbAp7Oigm0k71g==

esbuild-rails@^1.0.3:
  version "1.0.3"
  resolved "https://registry.yarnpkg.com/esbuild-rails/-/esbuild-rails-1.0.3.tgz#5b963c4affd9cbac3c3d589141062c4deabd5a19"
  integrity sha512-a/bD6R3/VBynPD/ftQ6OpYNpjdeG2W30jZ1eEHd2aTsZBdK8ppuox3pZBv1M3c7ZPf+RicYM8cpx9MV/mVs2BA==
  dependencies:
    glob "^7.2.0"

esbuild-sunos-64@0.14.45:
  version "0.14.45"
  resolved "https://registry.yarnpkg.com/esbuild-sunos-64/-/esbuild-sunos-64-0.14.45.tgz#cca97d7d31214bddfa1970386883d1f3f2868cec"
  integrity sha512-WmWu4wAm8mIxxK9aWFCj5VHunY3BHQDT3dAPexMLLszPyMF7RDtUYf+Dash9tjyitvnoxPAvR7DpWpirDLQIlQ==

esbuild-windows-32@0.14.45:
  version "0.14.45"
  resolved "https://registry.yarnpkg.com/esbuild-windows-32/-/esbuild-windows-32-0.14.45.tgz#afd98449fd6a741a4655e3e4f0e5ae7081765baf"
  integrity sha512-DPPehKwPJFBoSG+jILc/vcJNN8pTwz1m6FWojxqtqPhgw8OabTgN4vL7gNMqL/FSeDxF+zyvZeeMrZFYF1d81Q==

esbuild-windows-64@0.14.45:
  version "0.14.45"
  resolved "https://registry.yarnpkg.com/esbuild-windows-64/-/esbuild-windows-64-0.14.45.tgz#5d284b712b119c6306ac5f32e2a611ac6eec2842"
  integrity sha512-t6bxFZcp9bLmSs+1pCNL/BW2bq3QEQHxU4HoiMEyWfF8QBU8iNXFI1iLGdyCzB1Ue2739h55tpOvojFrfyNPWA==

esbuild-windows-arm64@0.14.45:
  version "0.14.45"
  resolved "https://registry.yarnpkg.com/esbuild-windows-arm64/-/esbuild-windows-arm64-0.14.45.tgz#08089d4cc921939ed352d9c2d928b5d867a6dc67"
  integrity sha512-DnhrvjECBJ2L0owoznPb4RqQKZ498SM8J+YHqmqzi0Gf/enkUwwTjB8vPCK6dDuFnNU/NE8f94FhKdkBHYruDQ==

esbuild@^0.14.36:
  version "0.14.45"
  resolved "https://registry.yarnpkg.com/esbuild/-/esbuild-0.14.45.tgz#3e3192894f91c32cf19207726f136278be46e968"
  integrity sha512-JOxGUD8jcs8xE8DjyGWC8by/vLMCXTJ/wuauWipL5kJRZx1dhpqIntb31QHjA45GZJWaXv7SjC/Zwu1bCkXWtQ==
  optionalDependencies:
    esbuild-android-64 "0.14.45"
    esbuild-android-arm64 "0.14.45"
    esbuild-darwin-64 "0.14.45"
    esbuild-darwin-arm64 "0.14.45"
    esbuild-freebsd-64 "0.14.45"
    esbuild-freebsd-arm64 "0.14.45"
    esbuild-linux-32 "0.14.45"
    esbuild-linux-64 "0.14.45"
    esbuild-linux-arm "0.14.45"
    esbuild-linux-arm64 "0.14.45"
    esbuild-linux-mips64le "0.14.45"
    esbuild-linux-ppc64le "0.14.45"
    esbuild-linux-riscv64 "0.14.45"
    esbuild-linux-s390x "0.14.45"
    esbuild-netbsd-64 "0.14.45"
    esbuild-openbsd-64 "0.14.45"
    esbuild-sunos-64 "0.14.45"
    esbuild-windows-32 "0.14.45"
    esbuild-windows-64 "0.14.45"
    esbuild-windows-arm64 "0.14.45"

fill-range@^7.0.1:
  version "7.0.1"
  resolved "https://registry.yarnpkg.com/fill-range/-/fill-range-7.0.1.tgz#1919a6a7c75fe38b2c7c77e5198535da9acdda40"
  integrity sha512-qOo9F+dMUmC2Lcb4BbVvnKJxTPjCm+RRpe4gDuGrzkL7mEVl/djYSu2OdQ2Pa302N4oqkSg9ir6jaLWJ2USVpQ==
  dependencies:
    to-regex-range "^5.0.1"

fs.realpath@^1.0.0:
  version "1.0.0"
  resolved "https://registry.yarnpkg.com/fs.realpath/-/fs.realpath-1.0.0.tgz#1504ad2523158caa40db4a2787cb01411994ea4f"
  integrity sha512-OO0pH2lK6a0hZnAdau5ItzHPI6pUlvI7jMVnxUQRtw4owF2wk8lOSabtGDCTP4Ggrg2MbGnWO9X8K1t4+fGMDw==

fsevents@~2.3.2:
  version "2.3.2"
  resolved "https://registry.yarnpkg.com/fsevents/-/fsevents-2.3.2.tgz#8a526f78b8fdf4623b709e0b975c52c24c02fd1a"
  integrity sha512-xiqMQR4xAeHTuB9uWm+fFRcIOgKBMiOBP+eXiyT7jsgVCq1bkVygt00oASowB7EdtpOHaaPgKt812P9ab+DDKA==

glob-parent@~5.1.2:
  version "5.1.2"
  resolved "https://registry.yarnpkg.com/glob-parent/-/glob-parent-5.1.2.tgz#869832c58034fe68a4093c17dc15e8340d8401c4"
  integrity sha512-AOIgSQCepiJYwP3ARnGx+5VnTu2HBYdzbGP45eLw1vr3zB3vZLeyed1sC9hnbcOc9/SrMyM5RPQrkGz4aS9Zow==
  dependencies:
    is-glob "^4.0.1"

glob@^7.2.0:
  version "7.2.3"
  resolved "https://registry.yarnpkg.com/glob/-/glob-7.2.3.tgz#b8df0fb802bbfa8e89bd1d938b4e16578ed44f2b"
  integrity sha512-nFR0zLpU2YCaRxwoCJvL6UvCH2JFyFVIvwTLsIf21AuHlMskA1hhTdk+LlYJtOlYt9v6dvszD2BGRqBL+iQK9Q==
  dependencies:
    fs.realpath "^1.0.0"
    inflight "^1.0.4"
    inherits "2"
    minimatch "^3.1.1"
    once "^1.3.0"
    path-is-absolute "^1.0.0"

inflight@^1.0.4:
  version "1.0.6"
  resolved "https://registry.yarnpkg.com/inflight/-/inflight-1.0.6.tgz#49bd6331d7d02d0c09bc910a1075ba8165b56df9"
  integrity sha512-k92I/b08q4wvFscXCLvqfsHCrjrF7yiXsQuIVvVE7N82W3+aqpzuUdBbfhWcy/FZR3/4IgflMgKLOsvPDrGCJA==
  dependencies:
    once "^1.3.0"
    wrappy "1"

inherits@2:
  version "2.0.4"
  resolved "https://registry.yarnpkg.com/inherits/-/inherits-2.0.4.tgz#0fa2c64f932917c3433a0ded55363aae37416b7c"
  integrity sha512-k/vGaX4/Yla3WzyMCvTQOXYeIHvqOKtnqBduzTHpzpQZzAskKMhZ2K+EnBiSM9zGSoIFeMpXKxa4dYeZIQqewQ==

is-binary-path@~2.1.0:
  version "2.1.0"
  resolved "https://registry.yarnpkg.com/is-binary-path/-/is-binary-path-2.1.0.tgz#ea1f7f3b80f064236e83470f86c09c254fb45b09"
  integrity sha512-ZMERYes6pDydyuGidse7OsHxtbI7WVeUEozgR/g7rd0xUimYNlvZRE/K2MgZTjWy725IfelLeVcEM97mmtRGXw==
  dependencies:
    binary-extensions "^2.0.0"

is-extglob@^2.1.1:
  version "2.1.1"
  resolved "https://registry.yarnpkg.com/is-extglob/-/is-extglob-2.1.1.tgz#a88c02535791f02ed37c76a1b9ea9773c833f8c2"
  integrity sha512-SbKbANkN603Vi4jEZv49LeVJMn4yGwsbzZworEoyEiutsN3nJYdbO36zfhGJ6QEDpOZIFkDtnq5JRxmvl3jsoQ==

is-glob@^4.0.1, is-glob@~4.0.1:
  version "4.0.3"
  resolved "https://registry.yarnpkg.com/is-glob/-/is-glob-4.0.3.tgz#64f61e42cbbb2eec2071a9dac0b28ba1e65d5084"
  integrity sha512-xelSayHH36ZgE7ZWhli7pW34hNbNl8Ojv5KVmkJD4hBdD3th8Tfk9vYasLM+mXWOZhFkgZfxhLSnrwRr4elSSg==
  dependencies:
    is-extglob "^2.1.1"

is-number@^7.0.0:
  version "7.0.0"
  resolved "https://registry.yarnpkg.com/is-number/-/is-number-7.0.0.tgz#7535345b896734d5f80c4d06c50955527a14f12b"
  integrity sha512-41Cifkg6e8TylSpdtTpeLVMqvSBEVzTttHvERD741+pnZ8ANv0004MRL43QKPDlK9cGvNp6NZWZUBlbGXYxxng==

minimatch@^3.1.1:
  version "3.1.2"
  resolved "https://registry.yarnpkg.com/minimatch/-/minimatch-3.1.2.tgz#19cd194bfd3e428f049a70817c038d89ab4be35b"
  integrity sha512-J7p63hRiAjw1NDEww1W7i37+ByIrOWO5XQQAzZ3VOcL0PNybwpfmV/N05zFAzwQ9USyEcX6t3UO+K5aqBQOIHw==
  dependencies:
    brace-expansion "^1.1.7"

"morphdom@>=2.6.0 <3.0.0", morphdom@^2.6.1:
  version "2.6.1"
  resolved "https://registry.yarnpkg.com/morphdom/-/morphdom-2.6.1.tgz#e868e24f989fa3183004b159aed643e628b4306e"
  integrity sha512-Y8YRbAEP3eKykroIBWrjcfMw7mmwJfjhqdpSvoqinu8Y702nAwikpXcNFDiIkyvfCLxLM9Wu95RZqo4a9jFBaA==

mrujs@^0.10.1:
  version "0.10.1"
  resolved "https://registry.yarnpkg.com/mrujs/-/mrujs-0.10.1.tgz#63f64a37fc6dd9ce14a7296a09a5efaac54a322f"
  integrity sha512-VRilxqfFi0PAEsaNHUQvtf3QKpU7p9xXA97HyksIc4Jb13Bap/9d212dUddC31TnEGby7GymWU+EKRiZIcOJmQ==
  dependencies:
    morphdom ">=2.6.0 <3.0.0"

normalize-path@^3.0.0, normalize-path@~3.0.0:
  version "3.0.0"
  resolved "https://registry.yarnpkg.com/normalize-path/-/normalize-path-3.0.0.tgz#0dcd69ff23a1c9b11fd0978316644a0388216a65"
  integrity sha512-6eZs5Ls3WtCisHWp9S2GUy8dqkpGi4BVSz3GaqiE6ezub0512ESztXUwUB6C6IKbQkY2Pnb/mD4WYojCRwcwLA==

once@^1.3.0:
  version "1.4.0"
  resolved "https://registry.yarnpkg.com/once/-/once-1.4.0.tgz#583b1aa775961d4b113ac17d9c50baef9dd76bd1"
  integrity sha512-lNaJgI+2Q5URQBkccEKHTQOPaXdUxnZZElQTZY0MFUAuaEqe1E+Nyvgdz/aIyNi6Z9MzO5dv1H8n58/GELp3+w==
  dependencies:
    wrappy "1"

path-is-absolute@^1.0.0:
  version "1.0.1"
  resolved "https://registry.yarnpkg.com/path-is-absolute/-/path-is-absolute-1.0.1.tgz#174b9268735534ffbc7ace6bf53a5a9e1b5c5f5f"
  integrity sha512-AVbw3UJ2e9bq64vSaS9Am0fje1Pa8pbGqTTsmXfaIiMpnr5DlDhfJOuLj9Sf95ZPVDAUerDfEk88MPmPe7UCQg==

picomatch@^2.0.4, picomatch@^2.2.1:
  version "2.3.1"
  resolved "https://registry.yarnpkg.com/picomatch/-/picomatch-2.3.1.tgz#3ba3833733646d9d3e4995946c1365a67fb07a42"
  integrity sha512-JU3teHTNjmE2VCGFzuY8EXzCDVwEqB2a8fsIvwaStHhAWJEeVd1o1QD80CU6+ZdEXXSLbSsuLwJjkCBWqRQUVA==

readdirp@~3.6.0:
  version "3.6.0"
  resolved "https://registry.yarnpkg.com/readdirp/-/readdirp-3.6.0.tgz#74a370bd857116e245b29cc97340cd431a02a6c7"
  integrity sha512-hOS089on8RduqdbhvQ5Z37A0ESjsqz6qnRcffsMU3495FuTdqSm+7bhJ29JvIOsBDEEnan5DPu9t3To9VRlMzA==
  dependencies:
    picomatch "^2.2.1"

"stimulus_reflex@https://github.com/stimulusreflex/dev-builds/archive/refs/tags/stimulus_reflex/9d5945f.tar.gz":
  version "3.5.0-pre9"
  resolved "https://github.com/stimulusreflex/dev-builds/archive/refs/tags/stimulus_reflex/9d5945f.tar.gz#aa6d5f08404ffed5f4546cdcaed48475d59c14cd"
  dependencies:
    "@hotwired/stimulus" ">= 3.0"
    "@rails/actioncable" ">= 6.0"
    cable_ready ">= 5.0.0-pre9"

to-regex-range@^5.0.1:
  version "5.0.1"
  resolved "https://registry.yarnpkg.com/to-regex-range/-/to-regex-range-5.0.1.tgz#1648c44aae7c8d988a326018ed72f5b4dd0392e4"
  integrity sha512-65P7iz6X5yEr1cwcgvQxbbIw7Uk3gOy5dIdtZ4rDveLqhrdJP+Li/Hx6tyK0NEb+2GCyneCMJiGqrADCSNk8sQ==
  dependencies:
    is-number "^7.0.0"

wrappy@1:
  version "1.0.2"
  resolved "https://registry.yarnpkg.com/wrappy/-/wrappy-1.0.2.tgz#b5243d8f3ec1aa35f1364605bc0d1036e30ab69f"
  integrity sha512-l4Sp/DRseor9wL6EvV2+TuQn63dMkPjZ/sp9XkghTEbV9KlPS1xUsZ3u7/IQO4wxtcFB4bgpQPRcR3QCvezPcQ==
